# This file is autogenerated, do not edit; changes may be undone by the next 'dep ensure'.


[[projects]]
  name = "github.com/aws/aws-sdk-go"
  packages = ["aws","aws/awserr","aws/awsutil","aws/client","aws/client/metadata","aws/corehandlers","aws/credentials","aws/credentials/ec2rolecreds","aws/credentials/endpointcreds","aws/credentials/stscreds","aws/csm","aws/defaults","aws/ec2metadata","aws/endpoints","aws/request","aws/session","aws/signer/v4","internal/ini","internal/s3err","internal/sdkio","internal/sdkrand","internal/sdkuri","internal/shareddefaults","private/protocol","private/protocol/ec2query","private/protocol/eventstream","private/protocol/eventstream/eventstreamapi","private/protocol/json/jsonutil","private/protocol/jsonrpc","private/protocol/query","private/protocol/query/queryutil","private/protocol/rest","private/protocol/restxml","private/protocol/xml/xmlutil","service/acm","service/autoscaling","service/cloudwatchlogs","service/ec2","service/iam","service/kms","service/s3","service/s3/s3iface","service/s3/s3manager","service/sns","service/sqs","service/sts"]
  revision = "3264db248fe8d241f6949ed35e33b11c0aec3c93"
  version = "v1.15.68"

[[projects]]
  name = "github.com/boombuler/barcode"
  packages = [".","qr","utils"]
  revision = "3cfea5ab600ae37946be2b763b8ec2c1cf2d272d"
  version = "v1.0.0"

[[projects]]
  name = "github.com/google/uuid"
  packages = ["."]
  revision = "064e2069ce9c359c118179501254f67d7d37ba24"
  version = "0.2"

[[projects]]
  name = "github.com/gruntwork-io/terratest"
  packages = ["modules/aws","modules/collections","modules/files","modules/logger","modules/packer","modules/random","modules/retry","modules/shell","modules/ssh","modules/terraform","modules/test-structure"]
  revision = "8bcb4e1ad409e19aac4ad7fab99fe632326a1884"
  version = "v0.9.17"

[[projects]]
  name = "github.com/influxdata/influxdb"
  packages = ["client/v2","models","pkg/escape"]
  revision = "a2ba6e7654fb078f8a3f5add1f8d935df38161bd"
  version = "v1.6.4"

[[projects]]
  name = "github.com/jmespath/go-jmespath"
  packages = ["."]
  revision = "0b12d6b5"

[[projects]]
  name = "github.com/pquerna/otp"
  packages = [".","hotp","totp"]
  revision = "b7b89250c468c06871d3837bee02e2d5c155ae19"
  version = "v1.0.0"

[[projects]]
  branch = "master"
  name = "golang.org/x/crypto"
  packages = ["curve25519","ed25519","ed25519/internal/edwards25519","internal/chacha20","internal/subtle","poly1305","ssh","ssh/agent"]
  revision = "4d3f4d9ffa16a13f451c3b2999e9c49e9750bf06"

[[projects]]
  branch = "master"
  name = "golang.org/x/net"
  packages = ["context"]
  revision = "c10e9556a7bc0e7c942242b606f0acf024ad5d6a"

[solve-meta]
  analyzer-name = "dep"
  analyzer-version = 1
  inputs-digest = "446937ffc52713939525a91c8d249aa2895af2e94189909146ebc1ae8f4019e7"
  solver-name = "gps-cdcl"
  solver-version = 1
